%{"cowboy": {:hex, :cowboy, "1.1.2", "61ac29ea970389a88eca5a65601460162d370a70018afe6f949a29dca91f3bb0", [:rebar3], [{:cowlib, "~> 1.0.2", [hex: :cowlib, optional: false]}, {:ranch, "~> 1.3.2", [hex: :ranch, optional: false]}]},
  "cowlib": {:hex, :cowlib, "1.0.2", "9d769a1d062c9c3ac753096f868ca121e2730b9a377de23dec0f7e08b1df84ee", [:make], []},
  "gettext": {:hex, :gettext, "0.13.1", "5e0daf4e7636d771c4c71ad5f3f53ba09a9ae5c250e1ab9c42ba9edccc476263", [:mix], []},
  "phoenix": {:hex, :phoenix, "1.1.8", "d6f41a1725ba8e0411c14a2652b047e80986caa99d42292e412d3654ce5c91f8", [:mix], [{:cowboy, "~> 1.0", [hex: :cowboy, optional: true]}, {:plug, "~> 1.0.5", [hex: :plug, optional: false]}, {:poison, "~> 1.5 or ~> 2.0", [hex: :poison, optional: false]}]},
  "phoenix_gen_socket_client": {:hex, :phoenix_gen_socket_client, "0.0.1", "d84079f5846e11044fe777d3392e1c21cc44810d8782ef77150057e646fed7dc", [:mix], []},
  "plug": {:hex, :plug, "1.0.5", "cb24577f202eef8cb83ad1b5f8810581c8ab8da03252551a04299b9877b3044a", [:mix], [{:cowboy, "~> 1.0", [hex: :cowboy, optional: true]}]},
  "poison": {:hex, :poison, "2.2.0", "4763b69a8a77bd77d26f477d196428b741261a761257ff1cf92753a0d4d24a63", [:mix], []},
  "ranch": {:hex, :ranch, "1.3.2", "e4965a144dc9fbe70e5c077c65e73c57165416a901bd02ea899cfd95aa890986", [:rebar3], []},
  "websocket_client": {:git, "https://github.com/sanmiguel/websocket_client.git", "16cd139a71d99813ec0c0cd1d8cb92dbde93d9c7", [tag: "1.1.0"]}}
