%{"cowboy": {:hex, :cowboy, "1.0.4", "a324a8df9f2316c833a470d918aaf73ae894278b8aa6226ce7a9bf699388f878", [:make, :rebar], [{:cowlib, "~> 1.0.0", [hex: :cowlib, optional: false]}, {:ranch, "~> 1.0", [hex: :ranch, optional: false]}]},
  "cowlib": {:hex, :cowlib, "1.0.2", "9d769a1d062c9c3ac753096f868ca121e2730b9a377de23dec0f7e08b1df84ee", [:make], []},
  "gettext": {:hex, :gettext, "0.10.0", "b6f9a72be494ad84ccbfaf7349150ef319b9a5a2b634e4d3ccf70bd59e1e4178", [:mix], []},
  "phoenix": {:hex, :phoenix, "1.1.4", "65809fba92eb94377372a5fb5a561197654bb8406e773cc47ca1a031bbe58019", [:mix], [{:cowboy, "~> 1.0", [hex: :cowboy, optional: true]}, {:plug, "~> 1.0", [hex: :plug, optional: false]}, {:poison, "~> 1.5 or ~> 2.0", [hex: :poison, optional: false]}]},
  "phoenix_gen_socket_client": {:hex, :phoenix_gen_socket_client, "0.0.1", "d84079f5846e11044fe777d3392e1c21cc44810d8782ef77150057e646fed7dc", [:mix], []},
  "plug": {:hex, :plug, "1.1.3", "2c1b01a51304ab1b88dc4313c0707e69998c8d6d4cdaeef391fa6003b6e31a5a", [:mix], [{:cowboy, "~> 1.0", [hex: :cowboy, optional: true]}]},
  "poison": {:hex, :poison, "2.1.0", "f583218ced822675e484648fa26c933d621373f01c6c76bd00005d7bd4b82e27", [:mix], []},
  "ranch": {:hex, :ranch, "1.2.1", "a6fb992c10f2187b46ffd17ce398ddf8a54f691b81768f9ef5f461ea7e28c762", [:make], []},
  "websocket_client": {:git, "https://github.com/sanmiguel/websocket_client.git", "16cd139a71d99813ec0c0cd1d8cb92dbde93d9c7", [tag: "1.1.0"]}}
