%{
  "bunt": {:hex, :bunt, "0.2.0", "951c6e801e8b1d2cbe58ebbd3e616a869061ddadcc4863d0a2182541acae9a38", [:mix], [], "hexpm", "7af5c7e09fe1d40f76c8e4f9dd2be7cebd83909f31fee7cd0e9eadc567da8353"},
  "cowboy": {:hex, :cowboy, "1.1.2", "61ac29ea970389a88eca5a65601460162d370a70018afe6f949a29dca91f3bb0", [:rebar3], [{:cowlib, "~> 1.0.2", [hex: :cowlib, repo: "hexpm", optional: false]}, {:ranch, "~> 1.3.2", [hex: :ranch, repo: "hexpm", optional: false]}], "hexpm", "f4763bbe08233eceed6f24bc4fcc8d71c17cfeafa6439157c57349aa1bb4f17c"},
  "cowlib": {:hex, :cowlib, "1.0.2", "9d769a1d062c9c3ac753096f868ca121e2730b9a377de23dec0f7e08b1df84ee", [:make], [], "hexpm", "db622da03aa039e6366ab953e31186cc8190d32905e33788a1acb22744e6abd2"},
  "credo": {:hex, :credo, "0.8.10", "261862bb7363247762e1063713bb85df2bbd84af8d8610d1272cd9c1943bba63", [:mix], [{:bunt, "~> 0.2.0", [hex: :bunt, repo: "hexpm", optional: false]}], "hexpm", "f3fe29f8de6be431c7736a933a3897fe9aa45533b1d1358b3691ac8ec4371e8f"},
  "dialyze": {:hex, :dialyze, "0.2.1", "9fb71767f96649020d769db7cbd7290059daff23707d6e851e206b1fdfa92f9d", [:mix], [], "hexpm", "f485181fa53229356621261a384963cb47511cccf1454e82ca4fde53274fcd48"},
  "earmark": {:hex, :earmark, "1.2.3", "206eb2e2ac1a794aa5256f3982de7a76bf4579ff91cb28d0e17ea2c9491e46a4", [:mix], [], "hexpm", "3b1dcad3067985dd8618c38399a8ee9c4e652d52a17a4aae7a6d6fc4fcc24856"},
  "ex_doc": {:hex, :ex_doc, "0.17.1", "39f777415e769992e6732d9589dc5846ea587f01412241f4a774664c746affbb", [:mix], [{:earmark, "~> 1.1", [hex: :earmark, repo: "hexpm", optional: false]}], "hexpm", "51f7ad538e0e608a61f3c64106e0f7b64c500f1ad829c128e56c22d5cb7e736f"},
  "gproc": {:hex, :gproc, "0.5.0", "2df2d886f8f8a7b81a4b04aa17972b5965bbc5bf0100ea6d8e8ac6a0e7389afe", [:rebar], [], "hexpm"},
  "jason": {:hex, :jason, "1.2.0", "10043418c42d2493d0ee212d3fddd25d7ffe484380afad769a0a38795938e448", [:mix], [{:decimal, "~> 1.0", [hex: :decimal, repo: "hexpm", optional: true]}], "hexpm", "116747dbe057794c3a3e4e143b7c8390b29f634e16c78a7f59ba75bfa6852e7f"},
  "mime": {:hex, :mime, "1.1.0", "01c1d6f4083d8aa5c7b8c246ade95139620ef8effb009edde934e0ec3b28090a", [:mix], [], "hexpm", "33dd09e615daab5668c15cc3a33829892728fdbed910ab0c0a0edb06b45fc54d"},
  "phoenix": {:hex, :phoenix, "1.3.0", "1c01124caa1b4a7af46f2050ff11b267baa3edb441b45dbf243e979cd4c5891b", [:mix], [{:cowboy, "~> 1.0", [hex: :cowboy, repo: "hexpm", optional: true]}, {:phoenix_pubsub, "~> 1.0", [hex: :phoenix_pubsub, repo: "hexpm", optional: false]}, {:plug, "~> 1.3.3 or ~> 1.4", [hex: :plug, repo: "hexpm", optional: false]}, {:poison, "~> 2.2 or ~> 3.0", [hex: :poison, repo: "hexpm", optional: false]}], "hexpm", "35f7cc91126c9c374fff1d8e3219ece7a9d4f84f2f5d6565be53b381078c006c"},
  "phoenix_pubsub": {:hex, :phoenix_pubsub, "1.0.2", "bfa7fd52788b5eaa09cb51ff9fcad1d9edfeb68251add458523f839392f034c1", [:mix], [], "hexpm", "6f9193364c5de86b85e8d3a80294a134aecf6c5618adcbae668608749e00a7f7"},
  "plug": {:hex, :plug, "1.4.3", "236d77ce7bf3e3a2668dc0d32a9b6f1f9b1f05361019946aae49874904be4aed", [:mix], [{:cowboy, "~> 1.0.1 or ~> 1.1", [hex: :cowboy, repo: "hexpm", optional: true]}, {:mime, "~> 1.0", [hex: :mime, repo: "hexpm", optional: false]}], "hexpm", "c1c408c57a1e4c88c365b9aff1198c350e22b765dbb97a460e9e6bd9364c6194"},
  "poison": {:hex, :poison, "2.2.0", "4763b69a8a77bd77d26f477d196428b741261a761257ff1cf92753a0d4d24a63", [:mix], [], "hexpm", "519bc209e4433961284174c497c8524c001e285b79bdf80212b47a1f898084cc"},
  "ranch": {:hex, :ranch, "1.3.2", "e4965a144dc9fbe70e5c077c65e73c57165416a901bd02ea899cfd95aa890986", [:rebar3], [], "hexpm", "6e56493a862433fccc3aca3025c946d6720d8eedf6e3e6fb911952a7071c357f"},
  "websocket_client": {:hex, :websocket_client, "1.2.4", "14ec1ca4b6d247b44ccd9a80af8f6ca98328070f6c1d52a5cb00bc9d939d63b8", [:rebar3], [], "hexpm", "295a79cce15c208e03a545073f1318e97e7780aa9f2415e825cb9e338aecc305"},
}
